PODS:
  - Alamofire (3.1.5)
  - DACircularProgress (2.3.1)
  - HexColors (2.2.1)
  - InAppSettingsKit (2.6)
  - iOS8Colors (0.1.2):
    - HexColors (~> 2.2.1)
  - MBProgressHUD (0.9.2)
  - MMAppSwitcher (0.3.0)
  - MWPhotoBrowser (2.1.1):
    - DACircularProgress (~> 2.3)
    - MBProgressHUD (~> 0.9)
    - SDWebImage (!= 3.7.2, ~> 3.7)
  - PasscodeLock (1.0.1)
  - PKHUD (2.2.5)
  - ReachabilitySwift (2.3.3)
  - SDWebImage (3.7.5):
    - SDWebImage/Core (= 3.7.5)
  - SDWebImage/Core (3.7.5)
  - TOWebViewController (2.0.19)

DEPENDENCIES:
  - Alamofire (~> 3.1.1)
  - InAppSettingsKit (~> 2.6)
  - iOS8Colors (~> 0.1.2)
  - MMAppSwitcher (from `https://github.com/venj/MMAppSwitcher.git`)
  - MWPhotoBrowser (~> 2.1.1)
  - PasscodeLock (from `https://github.com/ziogaschr/SwiftPasscodeLock.git`, branch `cocoapods-swift2`)
  - PKHUD (~> 2.2.4)
  - ReachabilitySwift (~> 2.1)
  - TOWebViewController (from `https://github.com/venj/TOWebViewController.git`)

EXTERNAL SOURCES:
  MMAppSwitcher:
    :git: https://github.com/venj/MMAppSwitcher.git
  PasscodeLock:
    :branch: cocoapods-swift2
    :git: https://github.com/ziogaschr/SwiftPasscodeLock.git
  TOWebViewController:
    :git: https://github.com/venj/TOWebViewController.git

CHECKOUT OPTIONS:
  MMAppSwitcher:
    :commit: 8907ce78f11307bef19e9752c6a207e153349344
    :git: https://github.com/venj/MMAppSwitcher.git
  PasscodeLock:
    :commit: 0502dcfa18554440d885cfec3bf4de4e977ad686
    :git: https://github.com/ziogaschr/SwiftPasscodeLock.git
  TOWebViewController:
    :commit: 54bb3f9624ee97383307d43364665f2ef439bf3a
    :git: https://github.com/venj/TOWebViewController.git

SPEC CHECKSUMS:
  Alamofire: 5f730ba29fd113b7ddd71c1e65d0c630acf5d7b0
  DACircularProgress: 4dd437c0fc3da5161cb289e07ac449493d41db71
  HexColors: abfd172e329dab59888614ccba6f216cec59289d
  InAppSettingsKit: cc56d3ec45f11352a16d5b210da8a3fa1b9d05ed
  iOS8Colors: 1f6023790704b9119727bf14408182ca33faf31b
  MBProgressHUD: 1569cf7ace17a8bac47aabfbb8580a49690386d1
  MMAppSwitcher: 11d6f3c08fc70fe1f1386223f89d4f96f95e8061
  MWPhotoBrowser: ba0d0c09ffda3a7ea10093518738c502c1c7141c
  PasscodeLock: 8c3df88c757658f12868abb5b741be2d7b444622
  PKHUD: 15d9db01fb008bb9247c6d785c585f587955b113
  ReachabilitySwift: e0f6b6f280effb47731acfaaa2d5ffe223703793
  SDWebImage: 69c6303e3348fba97e03f65d65d4fbc26740f461
  TOWebViewController: accd62ec0acc8d5c2e1e195c6f7ff7654c3c840c

PODFILE CHECKSUM: 3ffe0ee85159cf6b73b16a13632a8f96899f640a

COCOAPODS: 1.0.0.beta.2
