PODS:
  - AFNetworking (1.3.4)
  - BlocksKit (2.2.3):
    - BlocksKit/All
  - BlocksKit/All (2.2.3):
    - BlocksKit/Core
    - BlocksKit/DynamicDelegate
    - BlocksKit/MessageUI
    - BlocksKit/UIKit
  - BlocksKit/Core (2.2.3)
  - BlocksKit/DynamicDelegate (2.2.3)
  - BlocksKit/MessageUI (2.2.3):
    - BlocksKit/Core
    - BlocksKit/DynamicDelegate
  - BlocksKit/UIKit (2.2.3):
    - BlocksKit/Core
    - BlocksKit/DynamicDelegate
  - DACircularProgress (2.2.0)
  - InAppSettingsKit (2.1)
  - KKPasscodeLock (0.2.2)
  - MBProgressHUD (0.8)
  - MWPhotoBrowser (1.4.0):
    - DACircularProgress
    - MBProgressHUD (~> 0.8)
    - PSTCollectionView (~> 1.2)
    - SDWebImage (~> 3.5.4)
  - PSTCollectionView (1.2.1)
  - SDWebImage (3.5.4):
    - SDWebImage/Core
  - SDWebImage/Core (3.5.4)

DEPENDENCIES:
  - AFNetworking (~> 1.3.4)
  - BlocksKit (~> 2.2.3)
  - InAppSettingsKit (~> 2.1)
  - KKPasscodeLock (~> 0.2.2)
  - MBProgressHUD (~> 0.8)
  - MWPhotoBrowser (~> 1.4.0)

SPEC CHECKSUMS:
  AFNetworking: 80c4e0652b08eb34e25b9c0ff3c82556fe5967b4
  BlocksKit: 07c8a80f04275efac6a5f8b973782489c083a182
  DACircularProgress: 3b41941891a56dc6aa17971f5322a9a38a6f446e
  InAppSettingsKit: 853cdc9fcc76b87a4694f8d2b930e116463b5a29
  KKPasscodeLock: 51e73d34a5b6ec8d20d041a97210545ae073f7ed
  MBProgressHUD: c356980b0cd097f19acec959b49dca5eb8ec31be
  MWPhotoBrowser: 4efcdb9da34751f97992128a5356f3929d1af537
  PSTCollectionView: a63299550ad566b579479d07cb5e2bf61148686b
  SDWebImage: 571295c8acbb699505a0f68e54506147c3de9ea7

COCOAPODS: 0.33.1
